// !$*UTF8*$!
{
	archiveVersion = 1;
	classes = {
	};
	objectVersion = 46;
	objects = {

/* Begin PBXBuildFile section */
		5E6AF6331AFC985C00FDE994 /* AppDelegate.swift in Sources */ = {isa = PBXBuildFile; fileRef = 5E6AF6321AFC985C00FDE994 /* AppDelegate.swift */; };
		5E6AF6351AFC985C00FDE994 /* ViewController.swift in Sources */ = {isa = PBXBuildFile; fileRef = 5E6AF6341AFC985C00FDE994 /* ViewController.swift */; };
		5E6AF6381AFC985C00FDE994 /* Main.storyboard in Resources */ = {isa = PBXBuildFile; fileRef = 5E6AF6361AFC985C00FDE994 /* Main.storyboard */; };
		5E6AF63A1AFC985C00FDE994 /* Images.xcassets in Resources */ = {isa = PBXBuildFile; fileRef = 5E6AF6391AFC985C00FDE994 /* Images.xcassets */; };
		5E6AF63D1AFC985C00FDE994 /* LaunchScreen.xib in Resources */ = {isa = PBXBuildFile; fileRef = 5E6AF63B1AFC985C00FDE994 /* LaunchScreen.xib */; };
		5E6AF6491AFC985C00FDE994 /* appBDDTests.swift in Sources */ = {isa = PBXBuildFile; fileRef = 5E6AF6481AFC985C00FDE994 /* appBDDTests.swift */; };
/* End PBXBuildFile section */

/* Begin PBXContainerItemProxy section */
		5E6AF6431AFC985C00FDE994 /* PBXContainerItemProxy */ = {
			isa = PBXContainerItemProxy;
			containerPortal = 5E6AF6251AFC985C00FDE994 /* Project object */;
			proxyType = 1;
			remoteGlobalIDString = 5E6AF62C1AFC985C00FDE994;
			remoteInfo = appBDD;
		};
/* End PBXContainerItemProxy section */

/* Begin PBXFileReference section */
		5E6AF62D1AFC985C00FDE994 /* appBDD.app */ = {isa = PBXFileReference; explicitFileType = wrapper.application; includeInIndex = 0; path = appBDD.app; sourceTree = BUILT_PRODUCTS_DIR; };
		5E6AF6311AFC985C00FDE994 /* Info.plist */ = {isa = PBXFileReference; lastKnownFileType = text.plist.xml; path = Info.plist; sourceTree = "<group>"; };
		5E6AF6321AFC985C00FDE994 /* AppDelegate.swift */ = {isa = PBXFileReference; lastKnownFileType = sourcecode.swift; path = AppDelegate.swift; sourceTree = "<group>"; };
		5E6AF6341AFC985C00FDE994 /* ViewController.swift */ = {isa = PBXFileReference; lastKnownFileType = sourcecode.swift; path = ViewController.swift; sourceTree = "<group>"; };
		5E6AF6371AFC985C00FDE994 /* Base */ = {isa = PBXFileReference; lastKnownFileType = file.storyboard; name = Base; path = Base.lproj/Main.storyboard; sourceTree = "<group>"; };
		5E6AF6391AFC985C00FDE994 /* Images.xcassets */ = {isa = PBXFileReference; lastKnownFileType = folder.assetcatalog; path = Images.xcassets; sourceTree = "<group>"; };
		5E6AF63C1AFC985C00FDE994 /* Base */ = {isa = PBXFileReference; lastKnownFileType = file.xib; name = Base; path = Base.lproj/LaunchScreen.xib; sourceTree = "<group>"; };
		5E6AF6421AFC985C00FDE994 /* appBDDTests.xctest */ = {isa = PBXFileReference; explicitFileType = wrapper.cfbundle; includeInIndex = 0; path = appBDDTests.xctest; sourceTree = BUILT_PRODUCTS_DIR; };
		5E6AF6471AFC985C00FDE994 /* Info.plist */ = {isa = PBXFileReference; lastKnownFileType = text.plist.xml; path = Info.plist; sourceTree = "<group>"; };
		5E6AF6481AFC985C00FDE994 /* appBDDTests.swift */ = {isa = PBXFileReference; lastKnownFileType = sourcecode.swift; path = appBDDTests.swift; sourceTree = "<group>"; };
/* End PBXFileReference section */

/* Begin PBXFrameworksBuildPhase section */
		5E6AF62A1AFC985C00FDE994 /* Frameworks */ = {
			isa = PBXFrameworksBuildPhase;
			buildActionMask = 2147483647;
			files = (
			);
			runOnlyForDeploymentPostprocessing = 0;
		};
		5E6AF63F1AFC985C00FDE994 /* Frameworks */ = {
			isa = PBXFrameworksBuildPhase;
			buildActionMask = 2147483647;
			files = (
			);
			runOnlyForDeploymentPostprocessing = 0;
		};
/* End PBXFrameworksBuildPhase section */

/* Begin PBXGroup section */
		5E6AF6241AFC985C00FDE994 = {
			isa = PBXGroup;
			children = (
				5E6AF62F1AFC985C00FDE994 /* appBDD */,
				5E6AF6451AFC985C00FDE994 /* appBDDTests */,
				5E6AF62E1AFC985C00FDE994 /* Products */,
			);
			sourceTree = "<group>";
		};
		5E6AF62E1AFC985C00FDE994 /* Products */ = {
			isa = PBXGroup;
			children = (
				5E6AF62D1AFC985C00FDE994 /* appBDD.app */,
				5E6AF6421AFC985C00FDE994 /* appBDDTests.xctest */,
			);
			name = Products;
			sourceTree = "<group>";
		};
		5E6AF62F1AFC985C00FDE994 /* appBDD */ = {
			isa = PBXGroup;
			children = (
				5E6AF6321AFC985C00FDE994 /* AppDelegate.swift */,
				5E6AF6341AFC985C00FDE994 /* ViewController.swift */,
				5E6AF6361AFC985C00FDE994 /* Main.storyboard */,
				5E6AF6391AFC985C00FDE994 /* Images.xcassets */,
				5E6AF63B1AFC985C00FDE994 /* LaunchScreen.xib */,
				5E6AF6301AFC985C00FDE994 /* Supporting Files */,
			);
			path = appBDD;
			sourceTree = "<group>";
		};
		5E6AF6301AFC985C00FDE994 /* Supporting Files */ = {
			isa = PBXGroup;
			children = (
				5E6AF6311AFC985C00FDE994 /* Info.plist */,
			);
			name = "Supporting Files";
			sourceTree = "<group>";
		};
		5E6AF6451AFC985C00FDE994 /* appBDDTests */ = {
			isa = PBXGroup;
			children = (
				5E6AF6481AFC985C00FDE994 /* appBDDTests.swift */,
				5E6AF6461AFC985C00FDE994 /* Supporting Files */,
			);
			path = appBDDTests;
			sourceTree = "<group>";
		};
		5E6AF6461AFC985C00FDE994 /* Supporting Files */ = {
			isa = PBXGroup;
			children = (
				5E6AF6471AFC985C00FDE994 /* Info.plist */,
			);
			name = "Supporting Files";
			sourceTree = "<group>";
		};
/* End PBXGroup section */

/* Begin PBXNativeTarget section */
		5E6AF62C1AFC985C00FDE994 /* appBDD */ = {
			isa = PBXNativeTarget;
			buildConfigurationList = 5E6AF64C1AFC985C00FDE994 /* Build configuration list for PBXNativeTarget "appBDD" */;
			buildPhases = (
				5E6AF6291AFC985C00FDE994 /* Sources */,
				5E6AF62A1AFC985C00FDE994 /* Frameworks */,
				5E6AF62B1AFC985C00FDE994 /* Resources */,
			);
			buildRules = (
			);
			dependencies = (
			);
			name = appBDD;
			productName = appBDD;
			productReference = 5E6AF62D1AFC985C00FDE994 /* appBDD.app */;
			productType = "com.apple.product-type.application";
		};
		5E6AF6411AFC985C00FDE994 /* appBDDTests */ = {
			isa = PBXNativeTarget;
			buildConfigurationList = 5E6AF64F1AFC985C00FDE994 /* Build configuration list for PBXNativeTarget "appBDDTests" */;
			buildPhases = (
				5E6AF63E1AFC985C00FDE994 /* Sources */,
				5E6AF63F1AFC985C00FDE994 /* Frameworks */,
				5E6AF6401AFC985C00FDE994 /* Resources */,
			);
			buildRules = (
			);
			dependencies = (
				5E6AF6441AFC985C00FDE994 /* PBXTargetDependency */,
			);
			name = appBDDTests;
			productName = appBDDTests;
			productReference = 5E6AF6421AFC985C00FDE994 /* appBDDTests.xctest */;
			productType = "com.apple.product-type.bundle.unit-test";
		};
/* End PBXNativeTarget section */

/* Begin PBXProject section */
		5E6AF6251AFC985C00FDE994 /* Project object */ = {
			isa = PBXProject;
			attributes = {
				LastUpgradeCheck = 0630;
				ORGANIZATIONNAME = djzhang;
				TargetAttributes = {
					5E6AF62C1AFC985C00FDE994 = {
						CreatedOnToolsVersion = 6.3.1;
					};
					5E6AF6411AFC985C00FDE994 = {
						CreatedOnToolsVersion = 6.3.1;
						TestTargetID = 5E6AF62C1AFC985C00FDE994;
					};
				};
			};
			buildConfigurationList = 5E6AF6281AFC985C00FDE994 /* Build configuration list for PBXProject "appBDD" */;
			compatibilityVersion = "Xcode 3.2";
			developmentRegion = English;
			hasScannedForEncodings = 0;
			knownRegions = (
				en,
				Base,
			);
			mainGroup = 5E6AF6241AFC985C00FDE994;
			productRefGroup = 5E6AF62E1AFC985C00FDE994 /* Products */;
			projectDirPath = "";
			projectRoot = "";
			targets = (
				5E6AF62C1AFC985C00FDE994 /* appBDD */,
				5E6AF6411AFC985C00FDE994 /* appBDDTests */,
			);
		};
/* End PBXProject section */

/* Begin PBXResourcesBuildPhase section */
		5E6AF62B1AFC985C00FDE994 /* Resources */ = {
			isa = PBXResourcesBuildPhase;
			buildActionMask = 2147483647;
			files = (
				5E6AF6381AFC985C00FDE994 /* Main.storyboard in Resources */,
				5E6AF63D1AFC985C00FDE994 /* LaunchScreen.xib in Resources */,
				5E6AF63A1AFC985C00FDE994 /* Images.xcassets in Resources */,
			);
			runOnlyForDeploymentPostprocessing = 0;
		};
		5E6AF6401AFC985C00FDE994 /* Resources */ = {
			isa = PBXResourcesBuildPhase;
			buildActionMask = 2147483647;
			files = (
			);
			runOnlyForDeploymentPostprocessing = 0;
		};
/* End PBXResourcesBuildPhase section */

/* Begin PBXSourcesBuildPhase section */
		5E6AF6291AFC985C00FDE994 /* Sources */ = {
			isa = PBXSourcesBuildPhase;
			buildActionMask = 2147483647;
			files = (
				5E6AF6351AFC985C00FDE994 /* ViewController.swift in Sources */,
				5E6AF6331AFC985C00FDE994 /* AppDelegate.swift in Sources */,
			);
			runOnlyForDeploymentPostprocessing = 0;
		};
		5E6AF63E1AFC985C00FDE994 /* Sources */ = {
			isa = PBXSourcesBuildPhase;
			buildActionMask = 2147483647;
			files = (
				5E6AF6491AFC985C00FDE994 /* appBDDTests.swift in Sources */,
			);
			runOnlyForDeploymentPostprocessing = 0;
		};
/* End PBXSourcesBuildPhase section */

/* Begin PBXTargetDependency section */
		5E6AF6441AFC985C00FDE994 /* PBXTargetDependency */ = {
			isa = PBXTargetDependency;
			target = 5E6AF62C1AFC985C00FDE994 /* appBDD */;
			targetProxy = 5E6AF6431AFC985C00FDE994 /* PBXContainerItemProxy */;
		};
/* End PBXTargetDependency section */

/* Begin PBXVariantGroup section */
		5E6AF6361AFC985C00FDE994 /* Main.storyboard */ = {
			isa = PBXVariantGroup;
			children = (
				5E6AF6371AFC985C00FDE994 /* Base */,
			);
			name = Main.storyboard;
			sourceTree = "<group>";
		};
		5E6AF63B1AFC985C00FDE994 /* LaunchScreen.xib */ = {
			isa = PBXVariantGroup;
			children = (
				5E6AF63C1AFC985C00FDE994 /* Base */,
			);
			name = LaunchScreen.xib;
			sourceTree = "<group>";
		};
/* End PBXVariantGroup section */

/* Begin XCBuildConfiguration section */
		5E6AF64A1AFC985C00FDE994 /* Debug */ = {
			isa = XCBuildConfiguration;
			buildSettings = {
				ALWAYS_SEARCH_USER_PATHS = NO;
				CLANG_CXX_LANGUAGE_STANDARD = "gnu++0x";
				CLANG_CXX_LIBRARY = "libc++";
				CLANG_ENABLE_MODULES = YES;
				CLANG_ENABLE_OBJC_ARC = YES;
				CLANG_WARN_BOOL_CONVERSION = YES;
				CLANG_WARN_CONSTANT_CONVERSION = YES;
				CLANG_WARN_DIRECT_OBJC_ISA_USAGE = YES_ERROR;
				CLANG_WARN_EMPTY_BODY = YES;
				CLANG_WARN_ENUM_CONVERSION = YES;
				CLANG_WARN_INT_CONVERSION = YES;
				CLANG_WARN_OBJC_ROOT_CLASS = YES_ERROR;
				CLANG_WARN_UNREACHABLE_CODE = YES;
				CLANG_WARN__DUPLICATE_METHOD_MATCH = YES;
				"CODE_SIGN_IDENTITY[sdk=iphoneos*]" = "iPhone Developer";
				COPY_PHASE_STRIP = NO;
				DEBUG_INFORMATION_FORMAT = "dwarf-with-dsym";
				ENABLE_STRICT_OBJC_MSGSEND = YES;
				GCC_C_LANGUAGE_STANDARD = gnu99;
				GCC_DYNAMIC_NO_PIC = NO;
				GCC_NO_COMMON_BLOCKS = YES;
				GCC_OPTIMIZATION_LEVEL = 0;
				GCC_PREPROCESSOR_DEFINITIONS = (
					"DEBUG=1",
					"$(inherited)",
				);
				GCC_SYMBOLS_PRIVATE_EXTERN = NO;
				GCC_WARN_64_TO_32_BIT_CONVERSION = YES;
				GCC_WARN_ABOUT_RETURN_TYPE = YES_ERROR;
				GCC_WARN_UNDECLARED_SELECTOR = YES;
				GCC_WARN_UNINITIALIZED_AUTOS = YES_AGGRESSIVE;
				GCC_WARN_UNUSED_FUNCTION = YES;
				GCC_WARN_UNUSED_VARIABLE = YES;
				IPHONEOS_DEPLOYMENT_TARGET = 8.3;
				MTL_ENABLE_DEBUG_INFO = YES;
				ONLY_ACTIVE_ARCH = YES;
				SDKROOT = iphoneos;
				SWIFT_OPTIMIZATION_LEVEL = "-Onone";
				TARGETED_DEVICE_FAMILY = 2;
			};
			name = Debug;
		};
		5E6AF64B1AFC985C00FDE994 /* Release */ = {
			isa = XCBuildConfiguration;
			buildSettings = {
				ALWAYS_SEARCH_USER_PATHS = NO;
				CLANG_CXX_LANGUAGE_STANDARD = "gnu++0x";
				CLANG_CXX_LIBRARY = "libc++";
				CLANG_ENABLE_MODULES = YES;
				CLANG_ENABLE_OBJC_ARC = YES;
				CLANG_WARN_BOOL_CONVERSION = YES;
				CLANG_WARN_CONSTANT_CONVERSION = YES;
				CLANG_WARN_DIRECT_OBJC_ISA_USAGE = YES_ERROR;
				CLANG_WARN_EMPTY_BODY = YES;
				CLANG_WARN_ENUM_CONVERSION = YES;
				CLANG_WARN_INT_CONVERSION = YES;
				CLANG_WARN_OBJC_ROOT_CLASS = YES_ERROR;
				CLANG_WARN_UNREACHABLE_CODE = YES;
				CLANG_WARN__DUPLICATE_METHOD_MATCH = YES;
				"CODE_SIGN_IDENTITY[sdk=iphoneos*]" = "iPhone Developer";
				COPY_PHASE_STRIP = NO;
				DEBUG_INFORMATION_FORMAT = "dwarf-with-dsym";
				ENABLE_NS_ASSERTIONS = NO;
				ENABLE_STRICT_OBJC_MSGSEND = YES;
				GCC_C_LANGUAGE_STANDARD = gnu99;
				GCC_NO_COMMON_BLOCKS = YES;
				GCC_WARN_64_TO_32_BIT_CONVERSION = YES;
				GCC_WARN_ABOUT_RETURN_TYPE = YES_ERROR;
				GCC_WARN_UNDECLARED_SELECTOR = YES;
				GCC_WARN_UNINITIALIZED_AUTOS = YES_AGGRESSIVE;
				GCC_WARN_UNUSED_FUNCTION = YES;
				GCC_WARN_UNUSED_VARIABLE = YES;
				IPHONEOS_DEPLOYMENT_TARGET = 8.3;
				MTL_ENABLE_DEBUG_INFO = NO;
				SDKROOT = iphoneos;
				TARGETED_DEVICE_FAMILY = 2;
				VALIDATE_PRODUCT = YES;
			};
			name = Release;
		};
		5E6AF64D1AFC985C00FDE994 /* Debug */ = {
			isa = XCBuildConfiguration;
			buildSettings = {
				ASSETCATALOG_COMPILER_APPICON_NAME = AppIcon;
				INFOPLIST_FILE = appBDD/Info.plist;
				LD_RUNPATH_SEARCH_PATHS = "$(inherited) @executable_path/Frameworks";
				PRODUCT_NAME = "$(TARGET_NAME)";
			};
			name = Debug;
		};
		5E6AF64E1AFC985C00FDE994 /* Release */ = {
			isa = XCBuildConfiguration;
			buildSettings = {
				ASSETCATALOG_COMPILER_APPICON_NAME = AppIcon;
				INFOPLIST_FILE = appBDD/Info.plist;
				LD_RUNPATH_SEARCH_PATHS = "$(inherited) @executable_path/Frameworks";
				PRODUCT_NAME = "$(TARGET_NAME)";
			};
			name = Release;
		};
		5E6AF6501AFC985C00FDE994 /* Debug */ = {
			isa = XCBuildConfiguration;
			buildSettings = {
				BUNDLE_LOADER = "$(TEST_HOST)";
				FRAMEWORK_SEARCH_PATHS = (
					"$(SDKROOT)/Developer/Library/Frameworks",
					"$(inherited)",
				);
				GCC_PREPROCESSOR_DEFINITIONS = (
					"DEBUG=1",
					"$(inherited)",
				);
				INFOPLIST_FILE = appBDDTests/Info.plist;
				LD_RUNPATH_SEARCH_PATHS = "$(inherited) @executable_path/Frameworks @loader_path/Frameworks";
				PRODUCT_NAME = "$(TARGET_NAME)";
				TEST_HOST = "$(BUILT_PRODUCTS_DIR)/appBDD.app/appBDD";
			};
			name = Debug;
		};
		5E6AF6511AFC985C00FDE994 /* Release */ = {
			isa = XCBuildConfiguration;
			buildSettings = {
				BUNDLE_LOADER = "$(TEST_HOST)";
				FRAMEWORK_SEARCH_PATHS = (
					"$(SDKROOT)/Developer/Library/Frameworks",
					"$(inherited)",
				);
				INFOPLIST_FILE = appBDDTests/Info.plist;
				LD_RUNPATH_SEARCH_PATHS = "$(inherited) @executable_path/Frameworks @loader_path/Frameworks";
				PRODUCT_NAME = "$(TARGET_NAME)";
				TEST_HOST = "$(BUILT_PRODUCTS_DIR)/appBDD.app/appBDD";
			};
			name = Release;
		};
/* End XCBuildConfiguration section */

/* Begin XCConfigurationList section */
		5E6AF6281AFC985C00FDE994 /* Build configuration list for PBXProject "appBDD" */ = {
			isa = XCConfigurationList;
			buildConfigurations = (
				5E6AF64A1AFC985C00FDE994 /* Debug */,
				5E6AF64B1AFC985C00FDE994 /* Release */,
			);
			defaultConfigurationIsVisible = 0;
			defaultConfigurationName = Release;
		};
		5E6AF64C1AFC985C00FDE994 /* Build configuration list for PBXNativeTarget "appBDD" */ = {
			isa = XCConfigurationList;
			buildConfigurations = (
				5E6AF64D1AFC985C00FDE994 /* Debug */,
				5E6AF64E1AFC985C00FDE994 /* Release */,
			);
			defaultConfigurationIsVisible = 0;
		};
		5E6AF64F1AFC985C00FDE994 /* Build configuration list for PBXNativeTarget "appBDDTests" */ = {
			isa = XCConfigurationList;
			buildConfigurations = (
				5E6AF6501AFC985C00FDE994 /* Debug */,
				5E6AF6511AFC985C00FDE994 /* Release */,
			);
			defaultConfigurationIsVisible = 0;
		};
/* End XCConfigurationList section */
	};
	rootObject = 5E6AF6251AFC985C00FDE994 /* Project object */;
}
