// !$*UTF8*$!
{
	archiveVersion = 1;
	classes = {
	};
	objectVersion = 46;
	objects = {

/* Begin PBXBuildFile section */
		5E3410531AFC980D00F19931 /* AppDelegate.swift in Sources */ = {isa = PBXBuildFile; fileRef = 5E3410521AFC980D00F19931 /* AppDelegate.swift */; };
		5E3410551AFC980D00F19931 /* SeearchViewController.swift in Sources */ = {isa = PBXBuildFile; fileRef = 5E3410541AFC980D00F19931 /* SeearchViewController.swift */; };
		5E3410581AFC980D00F19931 /* Main.storyboard in Resources */ = {isa = PBXBuildFile; fileRef = 5E3410561AFC980D00F19931 /* Main.storyboard */; };
		5E34105A1AFC980D00F19931 /* Images.xcassets in Resources */ = {isa = PBXBuildFile; fileRef = 5E3410591AFC980D00F19931 /* Images.xcassets */; };
		5E34105D1AFC980D00F19931 /* LaunchScreen.xib in Resources */ = {isa = PBXBuildFile; fileRef = 5E34105B1AFC980D00F19931 /* LaunchScreen.xib */; };
		5E6951721AFDA3C100E23792 /* RegExCategories.m in Sources */ = {isa = PBXBuildFile; fileRef = 5E6951711AFDA3C100E23792 /* RegExCategories.m */; };
		5E80C8211AFCEB35004B47D3 /* StringExtensions.swift in Sources */ = {isa = PBXBuildFile; fileRef = 5E80C8201AFCEB35004B47D3 /* StringExtensions.swift */; };
		5EACB9271AFCC3CF0031F249 /* DownloadHtmlHelper.m in Sources */ = {isa = PBXBuildFile; fileRef = 5EACB9181AFCC3CF0031F249 /* DownloadHtmlHelper.m */; };
		5EACB9291AFCC3CF0031F249 /* FetcherConstant.swift in Sources */ = {isa = PBXBuildFile; fileRef = 5EACB91C1AFCC3CF0031F249 /* FetcherConstant.swift */; };
		5EACB92A1AFCC3CF0031F249 /* FetchProtocal.swift in Sources */ = {isa = PBXBuildFile; fileRef = 5EACB91D1AFCC3CF0031F249 /* FetchProtocal.swift */; };
		5EACB92B1AFCC3CF0031F249 /* ElanceScrapyFetcher.swift in Sources */ = {isa = PBXBuildFile; fileRef = 5EACB91F1AFCC3CF0031F249 /* ElanceScrapyFetcher.swift */; };
		5EACB92C1AFCC3CF0031F249 /* GoogleScrapyFetcher.swift in Sources */ = {isa = PBXBuildFile; fileRef = 5EACB9201AFCC3CF0031F249 /* GoogleScrapyFetcher.swift */; };
		5EACB92D1AFCC3CF0031F249 /* KatPHScrapyFetcher.swift in Sources */ = {isa = PBXBuildFile; fileRef = 5EACB9211AFCC3CF0031F249 /* KatPHScrapyFetcher.swift */; };
		5EACB9301AFCC3CF0031F249 /* HtmlResultData.swift in Sources */ = {isa = PBXBuildFile; fileRef = 5EACB9261AFCC3CF0031F249 /* HtmlResultData.swift */; };
		5EB3DDB11AFD74E9000E5480 /* GDataHtmlHelper.m in Sources */ = {isa = PBXBuildFile; fileRef = 5EB3DDB01AFD74E9000E5480 /* GDataHtmlHelper.m */; };
		5EB3DDB31AFD7A13000E5480 /* FetcherBaseParser.swift in Sources */ = {isa = PBXBuildFile; fileRef = 5EB3DDB21AFD7A13000E5480 /* FetcherBaseParser.swift */; };
		5ED709561AFCE6590012E06B /* WebviewSourceViewController.swift in Sources */ = {isa = PBXBuildFile; fileRef = 5ED709551AFCE6590012E06B /* WebviewSourceViewController.swift */; };
		5EF5F5EA1AFCD107006D253F /* libxml2.dylib in Frameworks */ = {isa = PBXBuildFile; fileRef = 5EF5F5E91AFCD107006D253F /* libxml2.dylib */; };
		5EFD7BFC1AFDC74700ADE440 /* SearchTableViewCell.swift in Sources */ = {isa = PBXBuildFile; fileRef = 5EFD7BFB1AFDC74700ADE440 /* SearchTableViewCell.swift */; };
		B223B903054BE7BA53859C50 /* libPods-app.a in Frameworks */ = {isa = PBXBuildFile; fileRef = 63E847E66BE5E0D02EC5A303 /* libPods-app.a */; };
/* End PBXBuildFile section */

/* Begin PBXFileReference section */
		48910AD94547067D0DAB0ABB /* Pods-app.debug.xcconfig */ = {isa = PBXFileReference; includeInIndex = 1; lastKnownFileType = text.xcconfig; name = "Pods-app.debug.xcconfig"; path = "Pods/Target Support Files/Pods-app/Pods-app.debug.xcconfig"; sourceTree = "<group>"; };
		5E34104D1AFC980D00F19931 /* app.app */ = {isa = PBXFileReference; explicitFileType = wrapper.application; includeInIndex = 0; path = app.app; sourceTree = BUILT_PRODUCTS_DIR; };
		5E3410511AFC980D00F19931 /* Info.plist */ = {isa = PBXFileReference; lastKnownFileType = text.plist.xml; path = Info.plist; sourceTree = "<group>"; };
		5E3410521AFC980D00F19931 /* AppDelegate.swift */ = {isa = PBXFileReference; lastKnownFileType = sourcecode.swift; path = AppDelegate.swift; sourceTree = "<group>"; };
		5E3410541AFC980D00F19931 /* SeearchViewController.swift */ = {isa = PBXFileReference; lastKnownFileType = sourcecode.swift; path = SeearchViewController.swift; sourceTree = "<group>"; };
		5E3410571AFC980D00F19931 /* Base */ = {isa = PBXFileReference; lastKnownFileType = file.storyboard; name = Base; path = Base.lproj/Main.storyboard; sourceTree = "<group>"; };
		5E3410591AFC980D00F19931 /* Images.xcassets */ = {isa = PBXFileReference; lastKnownFileType = folder.assetcatalog; path = Images.xcassets; sourceTree = "<group>"; };
		5E34105C1AFC980D00F19931 /* Base */ = {isa = PBXFileReference; lastKnownFileType = file.xib; name = Base; path = Base.lproj/LaunchScreen.xib; sourceTree = "<group>"; };
		5E3410671AFC980D00F19931 /* Info.plist */ = {isa = PBXFileReference; lastKnownFileType = text.plist.xml; path = Info.plist; sourceTree = "<group>"; };
		5E3410681AFC980D00F19931 /* appTests.swift */ = {isa = PBXFileReference; lastKnownFileType = sourcecode.swift; path = appTests.swift; sourceTree = "<group>"; };
		5E6951701AFDA3C100E23792 /* RegExCategories.h */ = {isa = PBXFileReference; fileEncoding = 4; lastKnownFileType = sourcecode.c.h; name = RegExCategories.h; path = "Objective-C-RegEx-Categories/RegExCategories.h"; sourceTree = "<group>"; };
		5E6951711AFDA3C100E23792 /* RegExCategories.m */ = {isa = PBXFileReference; fileEncoding = 4; lastKnownFileType = sourcecode.c.objc; name = RegExCategories.m; path = "Objective-C-RegEx-Categories/RegExCategories.m"; sourceTree = "<group>"; };
		5E80C8201AFCEB35004B47D3 /* StringExtensions.swift */ = {isa = PBXFileReference; fileEncoding = 4; lastKnownFileType = sourcecode.swift; name = StringExtensions.swift; path = Utils/StringExtensions.swift; sourceTree = "<group>"; };
		5E86DE481AFCA8E10051490B /* Alamofire.framework */ = {isa = PBXFileReference; lastKnownFileType = wrapper.framework; name = Alamofire.framework; path = Carthage/Build/iOS/Alamofire.framework; sourceTree = "<group>"; };
		5EACB9171AFCC3CF0031F249 /* DownloadHtmlHelper.h */ = {isa = PBXFileReference; fileEncoding = 4; lastKnownFileType = sourcecode.c.h; path = DownloadHtmlHelper.h; sourceTree = "<group>"; };
		5EACB9181AFCC3CF0031F249 /* DownloadHtmlHelper.m */ = {isa = PBXFileReference; fileEncoding = 4; lastKnownFileType = sourcecode.c.objc; path = DownloadHtmlHelper.m; sourceTree = "<group>"; };
		5EACB91C1AFCC3CF0031F249 /* FetcherConstant.swift */ = {isa = PBXFileReference; fileEncoding = 4; lastKnownFileType = sourcecode.swift; path = FetcherConstant.swift; sourceTree = "<group>"; };
		5EACB91D1AFCC3CF0031F249 /* FetchProtocal.swift */ = {isa = PBXFileReference; fileEncoding = 4; lastKnownFileType = sourcecode.swift; path = FetchProtocal.swift; sourceTree = "<group>"; };
		5EACB91F1AFCC3CF0031F249 /* ElanceScrapyFetcher.swift */ = {isa = PBXFileReference; fileEncoding = 4; lastKnownFileType = sourcecode.swift; path = ElanceScrapyFetcher.swift; sourceTree = "<group>"; };
		5EACB9201AFCC3CF0031F249 /* GoogleScrapyFetcher.swift */ = {isa = PBXFileReference; fileEncoding = 4; lastKnownFileType = sourcecode.swift; path = GoogleScrapyFetcher.swift; sourceTree = "<group>"; };
		5EACB9211AFCC3CF0031F249 /* KatPHScrapyFetcher.swift */ = {isa = PBXFileReference; fileEncoding = 4; lastKnownFileType = sourcecode.swift; path = KatPHScrapyFetcher.swift; sourceTree = "<group>"; };
		5EACB9261AFCC3CF0031F249 /* HtmlResultData.swift */ = {isa = PBXFileReference; fileEncoding = 4; lastKnownFileType = sourcecode.swift; path = HtmlResultData.swift; sourceTree = "<group>"; };
		5EACB9311AFCC3F60031F249 /* app-Bridging-Header.h */ = {isa = PBXFileReference; fileEncoding = 4; lastKnownFileType = sourcecode.c.h; path = "app-Bridging-Header.h"; sourceTree = "<group>"; };
		5EB3DDAF1AFD74E9000E5480 /* GDataHtmlHelper.h */ = {isa = PBXFileReference; fileEncoding = 4; lastKnownFileType = sourcecode.c.h; path = GDataHtmlHelper.h; sourceTree = "<group>"; };
		5EB3DDB01AFD74E9000E5480 /* GDataHtmlHelper.m */ = {isa = PBXFileReference; fileEncoding = 4; lastKnownFileType = sourcecode.c.objc; path = GDataHtmlHelper.m; sourceTree = "<group>"; };
		5EB3DDB21AFD7A13000E5480 /* FetcherBaseParser.swift */ = {isa = PBXFileReference; fileEncoding = 4; lastKnownFileType = sourcecode.swift; path = FetcherBaseParser.swift; sourceTree = "<group>"; };
		5ED709551AFCE6590012E06B /* WebviewSourceViewController.swift */ = {isa = PBXFileReference; fileEncoding = 4; lastKnownFileType = sourcecode.swift; path = WebviewSourceViewController.swift; sourceTree = "<group>"; };
		5EF5F5E91AFCD107006D253F /* libxml2.dylib */ = {isa = PBXFileReference; lastKnownFileType = "compiled.mach-o.dylib"; name = libxml2.dylib; path = usr/lib/libxml2.dylib; sourceTree = SDKROOT; };
		5EFD7BFB1AFDC74700ADE440 /* SearchTableViewCell.swift */ = {isa = PBXFileReference; fileEncoding = 4; lastKnownFileType = sourcecode.swift; path = SearchTableViewCell.swift; sourceTree = "<group>"; };
		63E847E66BE5E0D02EC5A303 /* libPods-app.a */ = {isa = PBXFileReference; explicitFileType = archive.ar; includeInIndex = 0; path = "libPods-app.a"; sourceTree = BUILT_PRODUCTS_DIR; };
		A9BA75DB8FA4D52F2FAF88ED /* Pods-app.release.xcconfig */ = {isa = PBXFileReference; includeInIndex = 1; lastKnownFileType = text.xcconfig; name = "Pods-app.release.xcconfig"; path = "Pods/Target Support Files/Pods-app/Pods-app.release.xcconfig"; sourceTree = "<group>"; };
/* End PBXFileReference section */

/* Begin PBXFrameworksBuildPhase section */
		5E34104A1AFC980C00F19931 /* Frameworks */ = {
			isa = PBXFrameworksBuildPhase;
			buildActionMask = 2147483647;
			files = (
				5EF5F5EA1AFCD107006D253F /* libxml2.dylib in Frameworks */,
				B223B903054BE7BA53859C50 /* libPods-app.a in Frameworks */,
			);
			runOnlyForDeploymentPostprocessing = 0;
		};
/* End PBXFrameworksBuildPhase section */

/* Begin PBXGroup section */
		5D6CB5E0308FCC3E15A5CCC4 /* Frameworks */ = {
			isa = PBXGroup;
			children = (
				5EF5F5E91AFCD107006D253F /* libxml2.dylib */,
				5E86DE481AFCA8E10051490B /* Alamofire.framework */,
				63E847E66BE5E0D02EC5A303 /* libPods-app.a */,
			);
			name = Frameworks;
			sourceTree = "<group>";
		};
		5E3410441AFC980C00F19931 = {
			isa = PBXGroup;
			children = (
				5E34104F1AFC980D00F19931 /* app */,
				5E3410651AFC980D00F19931 /* appTests */,
				5E34104E1AFC980D00F19931 /* Products */,
				AA1DBA0FD86D8D1351AAE7AD /* Pods */,
				5D6CB5E0308FCC3E15A5CCC4 /* Frameworks */,
			);
			sourceTree = "<group>";
		};
		5E34104E1AFC980D00F19931 /* Products */ = {
			isa = PBXGroup;
			children = (
				5E34104D1AFC980D00F19931 /* app.app */,
			);
			name = Products;
			sourceTree = "<group>";
		};
		5E34104F1AFC980D00F19931 /* app */ = {
			isa = PBXGroup;
			children = (
				5EACB9151AFCC3CF0031F249 /* Business-Logic-Layer */,
				5E3410521AFC980D00F19931 /* AppDelegate.swift */,
				5E3410541AFC980D00F19931 /* SeearchViewController.swift */,
				5ED709551AFCE6590012E06B /* WebviewSourceViewController.swift */,
				5E3410561AFC980D00F19931 /* Main.storyboard */,
				5E3410591AFC980D00F19931 /* Images.xcassets */,
				5E34105B1AFC980D00F19931 /* LaunchScreen.xib */,
				5E3410501AFC980D00F19931 /* Supporting Files */,
				5EFD7BFB1AFDC74700ADE440 /* SearchTableViewCell.swift */,
			);
			path = app;
			sourceTree = "<group>";
		};
		5E3410501AFC980D00F19931 /* Supporting Files */ = {
			isa = PBXGroup;
			children = (
				5EACB9311AFCC3F60031F249 /* app-Bridging-Header.h */,
				5E3410511AFC980D00F19931 /* Info.plist */,
			);
			name = "Supporting Files";
			sourceTree = "<group>";
		};
		5E3410651AFC980D00F19931 /* appTests */ = {
			isa = PBXGroup;
			children = (
				5E3410681AFC980D00F19931 /* appTests.swift */,
				5E3410661AFC980D00F19931 /* Supporting Files */,
			);
			path = appTests;
			sourceTree = "<group>";
		};
		5E3410661AFC980D00F19931 /* Supporting Files */ = {
			isa = PBXGroup;
			children = (
				5E3410671AFC980D00F19931 /* Info.plist */,
			);
			name = "Supporting Files";
			sourceTree = "<group>";
		};
		5E69516F1AFDA3B500E23792 /* Objective-C-RegEx-Categories */ = {
			isa = PBXGroup;
			children = (
				5E6951701AFDA3C100E23792 /* RegExCategories.h */,
				5E6951711AFDA3C100E23792 /* RegExCategories.m */,
			);
			name = "Objective-C-RegEx-Categories";
			sourceTree = "<group>";
		};
		5E80C81F1AFCEB0C004B47D3 /* Utils */ = {
			isa = PBXGroup;
			children = (
				5E80C8201AFCEB35004B47D3 /* StringExtensions.swift */,
			);
			name = Utils;
			sourceTree = "<group>";
		};
		5EACB9151AFCC3CF0031F249 /* Business-Logic-Layer */ = {
			isa = PBXGroup;
			children = (
				5E69516F1AFDA3B500E23792 /* Objective-C-RegEx-Categories */,
				5EB3DDAE1AFD74E9000E5480 /* GDataXML-HTML */,
				5E80C81F1AFCEB0C004B47D3 /* Utils */,
				5EACB9161AFCC3CF0031F249 /* Afnetworking */,
				5EACB91B1AFCC3CF0031F249 /* Fetcher */,
				5EACB9251AFCC3CF0031F249 /* Models */,
			);
			path = "Business-Logic-Layer";
			sourceTree = "<group>";
		};
		5EACB9161AFCC3CF0031F249 /* Afnetworking */ = {
			isa = PBXGroup;
			children = (
				5EACB9171AFCC3CF0031F249 /* DownloadHtmlHelper.h */,
				5EACB9181AFCC3CF0031F249 /* DownloadHtmlHelper.m */,
			);
			path = Afnetworking;
			sourceTree = "<group>";
		};
		5EACB91B1AFCC3CF0031F249 /* Fetcher */ = {
			isa = PBXGroup;
			children = (
				5EB3DDB21AFD7A13000E5480 /* FetcherBaseParser.swift */,
				5EACB91C1AFCC3CF0031F249 /* FetcherConstant.swift */,
				5EACB91D1AFCC3CF0031F249 /* FetchProtocal.swift */,
				5EACB91E1AFCC3CF0031F249 /* Tasks */,
			);
			path = Fetcher;
			sourceTree = "<group>";
		};
		5EACB91E1AFCC3CF0031F249 /* Tasks */ = {
			isa = PBXGroup;
			children = (
				5EACB91F1AFCC3CF0031F249 /* ElanceScrapyFetcher.swift */,
				5EACB9201AFCC3CF0031F249 /* GoogleScrapyFetcher.swift */,
				5EACB9211AFCC3CF0031F249 /* KatPHScrapyFetcher.swift */,
			);
			path = Tasks;
			sourceTree = "<group>";
		};
		5EACB9251AFCC3CF0031F249 /* Models */ = {
			isa = PBXGroup;
			children = (
				5EACB9261AFCC3CF0031F249 /* HtmlResultData.swift */,
			);
			path = Models;
			sourceTree = "<group>";
		};
		5EB3DDAE1AFD74E9000E5480 /* GDataXML-HTML */ = {
			isa = PBXGroup;
			children = (
				5EB3DDAF1AFD74E9000E5480 /* GDataHtmlHelper.h */,
				5EB3DDB01AFD74E9000E5480 /* GDataHtmlHelper.m */,
			);
			path = "GDataXML-HTML";
			sourceTree = "<group>";
		};
		AA1DBA0FD86D8D1351AAE7AD /* Pods */ = {
			isa = PBXGroup;
			children = (
				48910AD94547067D0DAB0ABB /* Pods-app.debug.xcconfig */,
				A9BA75DB8FA4D52F2FAF88ED /* Pods-app.release.xcconfig */,
			);
			name = Pods;
			sourceTree = "<group>";
		};
/* End PBXGroup section */

/* Begin PBXNativeTarget section */
		5E34104C1AFC980C00F19931 /* app */ = {
			isa = PBXNativeTarget;
			buildConfigurationList = 5E34106C1AFC980D00F19931 /* Build configuration list for PBXNativeTarget "app" */;
			buildPhases = (
				6113B69D38F31D2A073C32FC /* Check Pods Manifest.lock */,
				5E3410491AFC980C00F19931 /* Sources */,
				5E34104A1AFC980C00F19931 /* Frameworks */,
				5E34104B1AFC980C00F19931 /* Resources */,
				58B609A2F2194D85FD536A91 /* Copy Pods Resources */,
			);
			buildRules = (
			);
			dependencies = (
			);
			name = app;
			productName = app;
			productReference = 5E34104D1AFC980D00F19931 /* app.app */;
			productType = "com.apple.product-type.application";
		};
/* End PBXNativeTarget section */

/* Begin PBXProject section */
		5E3410451AFC980C00F19931 /* Project object */ = {
			isa = PBXProject;
			attributes = {
				LastUpgradeCheck = 0630;
				ORGANIZATIONNAME = djzhang;
				TargetAttributes = {
					5E34104C1AFC980C00F19931 = {
						CreatedOnToolsVersion = 6.3.1;
						DevelopmentTeam = VCRS784KF3;
					};
				};
			};
			buildConfigurationList = 5E3410481AFC980C00F19931 /* Build configuration list for PBXProject "app" */;
			compatibilityVersion = "Xcode 3.2";
			developmentRegion = English;
			hasScannedForEncodings = 0;
			knownRegions = (
				en,
				Base,
			);
			mainGroup = 5E3410441AFC980C00F19931;
			productRefGroup = 5E34104E1AFC980D00F19931 /* Products */;
			projectDirPath = "";
			projectRoot = "";
			targets = (
				5E34104C1AFC980C00F19931 /* app */,
			);
		};
/* End PBXProject section */

/* Begin PBXResourcesBuildPhase section */
		5E34104B1AFC980C00F19931 /* Resources */ = {
			isa = PBXResourcesBuildPhase;
			buildActionMask = 2147483647;
			files = (
				5E3410581AFC980D00F19931 /* Main.storyboard in Resources */,
				5E34105D1AFC980D00F19931 /* LaunchScreen.xib in Resources */,
				5E34105A1AFC980D00F19931 /* Images.xcassets in Resources */,
			);
			runOnlyForDeploymentPostprocessing = 0;
		};
/* End PBXResourcesBuildPhase section */

/* Begin PBXShellScriptBuildPhase section */
		58B609A2F2194D85FD536A91 /* Copy Pods Resources */ = {
			isa = PBXShellScriptBuildPhase;
			buildActionMask = 2147483647;
			files = (
			);
			inputPaths = (
			);
			name = "Copy Pods Resources";
			outputPaths = (
			);
			runOnlyForDeploymentPostprocessing = 0;
			shellPath = /bin/sh;
			shellScript = "\"${SRCROOT}/Pods/Target Support Files/Pods-app/Pods-app-resources.sh\"\n";
			showEnvVarsInLog = 0;
		};
		6113B69D38F31D2A073C32FC /* Check Pods Manifest.lock */ = {
			isa = PBXShellScriptBuildPhase;
			buildActionMask = 2147483647;
			files = (
			);
			inputPaths = (
			);
			name = "Check Pods Manifest.lock";
			outputPaths = (
			);
			runOnlyForDeploymentPostprocessing = 0;
			shellPath = /bin/sh;
			shellScript = "diff \"${PODS_ROOT}/../Podfile.lock\" \"${PODS_ROOT}/Manifest.lock\" > /dev/null\nif [[ $? != 0 ]] ; then\n    cat << EOM\nerror: The sandbox is not in sync with the Podfile.lock. Run 'pod install' or update your CocoaPods installation.\nEOM\n    exit 1\nfi\n";
			showEnvVarsInLog = 0;
		};
/* End PBXShellScriptBuildPhase section */

/* Begin PBXSourcesBuildPhase section */
		5E3410491AFC980C00F19931 /* Sources */ = {
			isa = PBXSourcesBuildPhase;
			buildActionMask = 2147483647;
			files = (
				5E3410551AFC980D00F19931 /* SeearchViewController.swift in Sources */,
				5EACB92B1AFCC3CF0031F249 /* ElanceScrapyFetcher.swift in Sources */,
				5EACB9291AFCC3CF0031F249 /* FetcherConstant.swift in Sources */,
				5EACB9271AFCC3CF0031F249 /* DownloadHtmlHelper.m in Sources */,
				5EACB92C1AFCC3CF0031F249 /* GoogleScrapyFetcher.swift in Sources */,
				5E6951721AFDA3C100E23792 /* RegExCategories.m in Sources */,
				5EACB9301AFCC3CF0031F249 /* HtmlResultData.swift in Sources */,
				5EACB92D1AFCC3CF0031F249 /* KatPHScrapyFetcher.swift in Sources */,
				5E3410531AFC980D00F19931 /* AppDelegate.swift in Sources */,
				5EFD7BFC1AFDC74700ADE440 /* SearchTableViewCell.swift in Sources */,
				5EB3DDB31AFD7A13000E5480 /* FetcherBaseParser.swift in Sources */,
				5EB3DDB11AFD74E9000E5480 /* GDataHtmlHelper.m in Sources */,
				5EACB92A1AFCC3CF0031F249 /* FetchProtocal.swift in Sources */,
				5ED709561AFCE6590012E06B /* WebviewSourceViewController.swift in Sources */,
				5E80C8211AFCEB35004B47D3 /* StringExtensions.swift in Sources */,
			);
			runOnlyForDeploymentPostprocessing = 0;
		};
/* End PBXSourcesBuildPhase section */

/* Begin PBXVariantGroup section */
		5E3410561AFC980D00F19931 /* Main.storyboard */ = {
			isa = PBXVariantGroup;
			children = (
				5E3410571AFC980D00F19931 /* Base */,
			);
			name = Main.storyboard;
			sourceTree = "<group>";
		};
		5E34105B1AFC980D00F19931 /* LaunchScreen.xib */ = {
			isa = PBXVariantGroup;
			children = (
				5E34105C1AFC980D00F19931 /* Base */,
			);
			name = LaunchScreen.xib;
			sourceTree = "<group>";
		};
/* End PBXVariantGroup section */

/* Begin XCBuildConfiguration section */
		5E34106A1AFC980D00F19931 /* Debug */ = {
			isa = XCBuildConfiguration;
			buildSettings = {
				ALWAYS_SEARCH_USER_PATHS = NO;
				CLANG_CXX_LANGUAGE_STANDARD = "gnu++0x";
				CLANG_CXX_LIBRARY = "libc++";
				CLANG_ENABLE_MODULES = YES;
				CLANG_ENABLE_OBJC_ARC = YES;
				CLANG_WARN_BOOL_CONVERSION = YES;
				CLANG_WARN_CONSTANT_CONVERSION = YES;
				CLANG_WARN_DIRECT_OBJC_ISA_USAGE = YES_ERROR;
				CLANG_WARN_EMPTY_BODY = YES;
				CLANG_WARN_ENUM_CONVERSION = YES;
				CLANG_WARN_INT_CONVERSION = YES;
				CLANG_WARN_OBJC_ROOT_CLASS = YES_ERROR;
				CLANG_WARN_UNREACHABLE_CODE = YES;
				CLANG_WARN__DUPLICATE_METHOD_MATCH = YES;
				"CODE_SIGN_IDENTITY[sdk=iphoneos*]" = "iPhone Developer";
				COPY_PHASE_STRIP = NO;
				DEBUG_INFORMATION_FORMAT = "dwarf-with-dsym";
				ENABLE_STRICT_OBJC_MSGSEND = YES;
				GCC_C_LANGUAGE_STANDARD = gnu99;
				GCC_DYNAMIC_NO_PIC = NO;
				GCC_NO_COMMON_BLOCKS = YES;
				GCC_OPTIMIZATION_LEVEL = 0;
				GCC_PREPROCESSOR_DEFINITIONS = (
					"DEBUG=1",
					"$(inherited)",
				);
				GCC_SYMBOLS_PRIVATE_EXTERN = NO;
				GCC_WARN_64_TO_32_BIT_CONVERSION = YES;
				GCC_WARN_ABOUT_RETURN_TYPE = YES_ERROR;
				GCC_WARN_UNDECLARED_SELECTOR = YES;
				GCC_WARN_UNINITIALIZED_AUTOS = YES_AGGRESSIVE;
				GCC_WARN_UNUSED_FUNCTION = YES;
				GCC_WARN_UNUSED_VARIABLE = YES;
				IPHONEOS_DEPLOYMENT_TARGET = 8.3;
				MTL_ENABLE_DEBUG_INFO = YES;
				ONLY_ACTIVE_ARCH = YES;
				SDKROOT = iphoneos;
				SWIFT_OBJC_BRIDGING_HEADER = "app/app-Bridging-Header.h";
				SWIFT_OPTIMIZATION_LEVEL = "-Onone";
				TARGETED_DEVICE_FAMILY = 2;
			};
			name = Debug;
		};
		5E34106B1AFC980D00F19931 /* Release */ = {
			isa = XCBuildConfiguration;
			buildSettings = {
				ALWAYS_SEARCH_USER_PATHS = NO;
				CLANG_CXX_LANGUAGE_STANDARD = "gnu++0x";
				CLANG_CXX_LIBRARY = "libc++";
				CLANG_ENABLE_MODULES = YES;
				CLANG_ENABLE_OBJC_ARC = YES;
				CLANG_WARN_BOOL_CONVERSION = YES;
				CLANG_WARN_CONSTANT_CONVERSION = YES;
				CLANG_WARN_DIRECT_OBJC_ISA_USAGE = YES_ERROR;
				CLANG_WARN_EMPTY_BODY = YES;
				CLANG_WARN_ENUM_CONVERSION = YES;
				CLANG_WARN_INT_CONVERSION = YES;
				CLANG_WARN_OBJC_ROOT_CLASS = YES_ERROR;
				CLANG_WARN_UNREACHABLE_CODE = YES;
				CLANG_WARN__DUPLICATE_METHOD_MATCH = YES;
				"CODE_SIGN_IDENTITY[sdk=iphoneos*]" = "iPhone Developer";
				COPY_PHASE_STRIP = NO;
				DEBUG_INFORMATION_FORMAT = "dwarf-with-dsym";
				ENABLE_NS_ASSERTIONS = NO;
				ENABLE_STRICT_OBJC_MSGSEND = YES;
				GCC_C_LANGUAGE_STANDARD = gnu99;
				GCC_NO_COMMON_BLOCKS = YES;
				GCC_WARN_64_TO_32_BIT_CONVERSION = YES;
				GCC_WARN_ABOUT_RETURN_TYPE = YES_ERROR;
				GCC_WARN_UNDECLARED_SELECTOR = YES;
				GCC_WARN_UNINITIALIZED_AUTOS = YES_AGGRESSIVE;
				GCC_WARN_UNUSED_FUNCTION = YES;
				GCC_WARN_UNUSED_VARIABLE = YES;
				IPHONEOS_DEPLOYMENT_TARGET = 8.3;
				MTL_ENABLE_DEBUG_INFO = NO;
				SDKROOT = iphoneos;
				SWIFT_OBJC_BRIDGING_HEADER = "app/app-Bridging-Header.h";
				TARGETED_DEVICE_FAMILY = 2;
				VALIDATE_PRODUCT = YES;
			};
			name = Release;
		};
		5E34106D1AFC980D00F19931 /* Debug */ = {
			isa = XCBuildConfiguration;
			baseConfigurationReference = 48910AD94547067D0DAB0ABB /* Pods-app.debug.xcconfig */;
			buildSettings = {
				ASSETCATALOG_COMPILER_APPICON_NAME = AppIcon;
				CODE_SIGN_IDENTITY = "iPhone Developer";
				FRAMEWORK_SEARCH_PATHS = (
					"$(inherited)",
					"$(PROJECT_DIR)/Carthage/Build/iOS",
				);
				INFOPLIST_FILE = app/Info.plist;
				LD_RUNPATH_SEARCH_PATHS = "$(inherited) @executable_path/Frameworks";
				PRODUCT_NAME = "$(TARGET_NAME)";
				TARGETED_DEVICE_FAMILY = "1,2";
			};
			name = Debug;
		};
		5E34106E1AFC980D00F19931 /* Release */ = {
			isa = XCBuildConfiguration;
			baseConfigurationReference = A9BA75DB8FA4D52F2FAF88ED /* Pods-app.release.xcconfig */;
			buildSettings = {
				ASSETCATALOG_COMPILER_APPICON_NAME = AppIcon;
				CODE_SIGN_IDENTITY = "iPhone Developer";
				FRAMEWORK_SEARCH_PATHS = (
					"$(inherited)",
					"$(PROJECT_DIR)/Carthage/Build/iOS",
				);
				INFOPLIST_FILE = app/Info.plist;
				LD_RUNPATH_SEARCH_PATHS = "$(inherited) @executable_path/Frameworks";
				PRODUCT_NAME = "$(TARGET_NAME)";
				TARGETED_DEVICE_FAMILY = "1,2";
			};
			name = Release;
		};
/* End XCBuildConfiguration section */

/* Begin XCConfigurationList section */
		5E3410481AFC980C00F19931 /* Build configuration list for PBXProject "app" */ = {
			isa = XCConfigurationList;
			buildConfigurations = (
				5E34106A1AFC980D00F19931 /* Debug */,
				5E34106B1AFC980D00F19931 /* Release */,
			);
			defaultConfigurationIsVisible = 0;
			defaultConfigurationName = Release;
		};
		5E34106C1AFC980D00F19931 /* Build configuration list for PBXNativeTarget "app" */ = {
			isa = XCConfigurationList;
			buildConfigurations = (
				5E34106D1AFC980D00F19931 /* Debug */,
				5E34106E1AFC980D00F19931 /* Release */,
			);
			defaultConfigurationIsVisible = 0;
			defaultConfigurationName = Release;
		};
/* End XCConfigurationList section */
	};
	rootObject = 5E3410451AFC980C00F19931 /* Project object */;
}
